
Microsoft Visual Studio Solution File, Format Version 12.00
# Visual Studio Version 16
VisualStudioVersion = 16.0.31624.102
MinimumVisualStudioVersion = 10.0.40219.1
Project("{9A19103F-16F7-4668-BE54-9A1E7A4F7556}") = "Karma", "Karma.csproj", "{B929E63B-7567-4AF7-9F3C-55163A0647D2}"
EndProject
Global
	GlobalSection(SolutionConfigurationPlatforms) = preSolution
		Debug|Any CPU = Debug|Any CPU
		Release|Any CPU = Release|Any CPU
	EndGlobalSection
	GlobalSection(ProjectConfigurationPlatforms) = postSolution
		{B929E63B-7567-4AF7-9F3C-55163A0647D2}.Debug|Any CPU.ActiveCfg = Debug|Any CPU
		{B929E63B-7567-4AF7-9F3C-55163A0647D2}.Debug|Any CPU.Build.0 = Debug|Any CPU
		{B929E63B-7567-4AF7-9F3C-55163A0647D2}.Release|Any CPU.ActiveCfg = Release|Any CPU
		{B929E63B-7567-4AF7-9F3C-55163A0647D2}.Release|Any CPU.Build.0 = Release|Any CPU
	EndGlobalSection
	GlobalSection(SolutionProperties) = preSolution
		HideSolutionNode = FALSE
	EndGlobalSection
	GlobalSection(ExtensibilityGlobals) = postSolution
		SolutionGuid = {BB37E759-598E-4BB1-A781-6F4E0A517AE4}
	EndGlobalSection
EndGlobal
